
Microsoft Visual Studio Solution File, Format Version 12.00
# Visual Studio 2013
VisualStudioVersion = 12.0.21005.1
MinimumVisualStudioVersion = 10.0.40219.1
Project("{FAE04EC0-301F-11D3-BF4B-00C04F79EFBC}") = "CorridorSystem", "CorridorSystem\CorridorSystem.csproj", "{935C3A86-4EF4-482C-8DDE-FBDB109F4B65}"
EndProject
Project("{FAE04EC0-301F-11D3-BF4B-00C04F79EFBC}") = "CorridorSystem.Tests", "CorridorSystem.Tests\CorridorSystem.Tests.csproj", "{CFF706F4-CBFD-4B5F-9BC9-F7F0795C8246}"
EndProject
Global
	GlobalSection(SolutionConfigurationPlatforms) = preSolution
		Debug|Any CPU = Debug|Any CPU
		Release|Any CPU = Release|Any CPU
	EndGlobalSection
	GlobalSection(ProjectConfigurationPlatforms) = postSolution
		{935C3A86-4EF4-482C-8DDE-FBDB109F4B65}.Debug|Any CPU.ActiveCfg = Debug|Any CPU
		{935C3A86-4EF4-482C-8DDE-FBDB109F4B65}.Debug|Any CPU.Build.0 = Debug|Any CPU
		{935C3A86-4EF4-482C-8DDE-FBDB109F4B65}.Release|Any CPU.ActiveCfg = Release|Any CPU
		{935C3A86-4EF4-482C-8DDE-FBDB109F4B65}.Release|Any CPU.Build.0 = Release|Any CPU
		{CFF706F4-CBFD-4B5F-9BC9-F7F0795C8246}.Debug|Any CPU.ActiveCfg = Debug|Any CPU
		{CFF706F4-CBFD-4B5F-9BC9-F7F0795C8246}.Debug|Any CPU.Build.0 = Debug|Any CPU
		{CFF706F4-CBFD-4B5F-9BC9-F7F0795C8246}.Release|Any CPU.ActiveCfg = Release|Any CPU
		{CFF706F4-CBFD-4B5F-9BC9-F7F0795C8246}.Release|Any CPU.Build.0 = Release|Any CPU
	EndGlobalSection
	GlobalSection(SolutionProperties) = preSolution
		HideSolutionNode = FALSE
	EndGlobalSection
EndGlobal
