
Microsoft Visual Studio Solution File, Format Version 12.00
# Visual Studio 14
VisualStudioVersion = 14.0.24720.0
MinimumVisualStudioVersion = 10.0.40219.1
Project("{FAE04EC0-301F-11D3-BF4B-00C04F79EFBC}") = "CorridorSystem", "CorridorSystem\CorridorSystem.csproj", "{A0C83F49-193E-4401-B771-7902AD43E646}"
EndProject
Project("{FAE04EC0-301F-11D3-BF4B-00C04F79EFBC}") = "CorridorSystem.Tests", "CorridorSystem.Tests\CorridorSystem.Tests.csproj", "{6EF6D8B9-BFD2-47F9-B75A-0B433D3F2F25}"
EndProject
Global
	GlobalSection(SolutionConfigurationPlatforms) = preSolution
		Debug|Any CPU = Debug|Any CPU
		Release|Any CPU = Release|Any CPU
	EndGlobalSection
	GlobalSection(ProjectConfigurationPlatforms) = postSolution
		{A0C83F49-193E-4401-B771-7902AD43E646}.Debug|Any CPU.ActiveCfg = Debug|Any CPU
		{A0C83F49-193E-4401-B771-7902AD43E646}.Debug|Any CPU.Build.0 = Debug|Any CPU
		{A0C83F49-193E-4401-B771-7902AD43E646}.Release|Any CPU.ActiveCfg = Release|Any CPU
		{A0C83F49-193E-4401-B771-7902AD43E646}.Release|Any CPU.Build.0 = Release|Any CPU
		{6EF6D8B9-BFD2-47F9-B75A-0B433D3F2F25}.Debug|Any CPU.ActiveCfg = Debug|Any CPU
		{6EF6D8B9-BFD2-47F9-B75A-0B433D3F2F25}.Debug|Any CPU.Build.0 = Debug|Any CPU
		{6EF6D8B9-BFD2-47F9-B75A-0B433D3F2F25}.Release|Any CPU.ActiveCfg = Release|Any CPU
		{6EF6D8B9-BFD2-47F9-B75A-0B433D3F2F25}.Release|Any CPU.Build.0 = Release|Any CPU
	EndGlobalSection
	GlobalSection(SolutionProperties) = preSolution
		HideSolutionNode = FALSE
	EndGlobalSection
EndGlobal
